// !$*UTF8*$!
{
	archiveVersion = 1;
	classes = {
	};
	objectVersion = 46;
	objects = {

/* Begin PBXBuildFile section */
		A009469E1B511E1700853DE5 /* AppDelegate.swift in Sources */ = {isa = PBXBuildFile; fileRef = A009469D1B511E1700853DE5 /* AppDelegate.swift */; };
		A00946A01B511E1700853DE5 /* ViewController.swift in Sources */ = {isa = PBXBuildFile; fileRef = A009469F1B511E1700853DE5 /* ViewController.swift */; };
		A00946A31B511E1700853DE5 /* Main.storyboard in Resources */ = {isa = PBXBuildFile; fileRef = A00946A11B511E1700853DE5 /* Main.storyboard */; };
		A00946A51B511E1700853DE5 /* Assets.xcassets in Resources */ = {isa = PBXBuildFile; fileRef = A00946A41B511E1700853DE5 /* Assets.xcassets */; };
		A00946A81B511E1700853DE5 /* LaunchScreen.storyboard in Resources */ = {isa = PBXBuildFile; fileRef = A00946A61B511E1700853DE5 /* LaunchScreen.storyboard */; };
		A00946B31B511E1700853DE5 /* UnfoldingTableCellTests.swift in Sources */ = {isa = PBXBuildFile; fileRef = A00946B21B511E1700853DE5 /* UnfoldingTableCellTests.swift */; };
		A00946BE1B511E1700853DE5 /* UnfoldingTableCellUITests.swift in Sources */ = {isa = PBXBuildFile; fileRef = A00946BD1B511E1700853DE5 /* UnfoldingTableCellUITests.swift */; };
		A00946D01B511EB300853DE5 /* UnfoldingTableViewCell.swift in Sources */ = {isa = PBXBuildFile; fileRef = A00946CE1B511EB300853DE5 /* UnfoldingTableViewCell.swift */; };
		A00946D11B511EB300853DE5 /* UnfoldingTableViewCell.xib in Resources */ = {isa = PBXBuildFile; fileRef = A00946CF1B511EB300853DE5 /* UnfoldingTableViewCell.xib */; };
/* End PBXBuildFile section */

/* Begin PBXContainerItemProxy section */
		A00946AF1B511E1700853DE5 /* PBXContainerItemProxy */ = {
			isa = PBXContainerItemProxy;
			containerPortal = A00946921B511E1700853DE5 /* Project object */;
			proxyType = 1;
			remoteGlobalIDString = A00946991B511E1700853DE5;
			remoteInfo = UnfoldingTableCell;
		};
		A00946BA1B511E1700853DE5 /* PBXContainerItemProxy */ = {
			isa = PBXContainerItemProxy;
			containerPortal = A00946921B511E1700853DE5 /* Project object */;
			proxyType = 1;
			remoteGlobalIDString = A00946991B511E1700853DE5;
			remoteInfo = UnfoldingTableCell;
		};
/* End PBXContainerItemProxy section */

/* Begin PBXFileReference section */
		A009469A1B511E1700853DE5 /* UnfoldingTableCell.app */ = {isa = PBXFileReference; explicitFileType = wrapper.application; includeInIndex = 0; path = UnfoldingTableCell.app; sourceTree = BUILT_PRODUCTS_DIR; };
		A009469D1B511E1700853DE5 /* AppDelegate.swift */ = {isa = PBXFileReference; lastKnownFileType = sourcecode.swift; path = AppDelegate.swift; sourceTree = "<group>"; };
		A009469F1B511E1700853DE5 /* ViewController.swift */ = {isa = PBXFileReference; lastKnownFileType = sourcecode.swift; path = ViewController.swift; sourceTree = "<group>"; };
		A00946A21B511E1700853DE5 /* Base */ = {isa = PBXFileReference; lastKnownFileType = file.storyboard; name = Base; path = Base.lproj/Main.storyboard; sourceTree = "<group>"; };
		A00946A41B511E1700853DE5 /* Assets.xcassets */ = {isa = PBXFileReference; lastKnownFileType = folder.assetcatalog; path = Assets.xcassets; sourceTree = "<group>"; };
		A00946A71B511E1700853DE5 /* Base */ = {isa = PBXFileReference; lastKnownFileType = file.storyboard; name = Base; path = Base.lproj/LaunchScreen.storyboard; sourceTree = "<group>"; };
		A00946A91B511E1700853DE5 /* Info.plist */ = {isa = PBXFileReference; lastKnownFileType = text.plist.xml; path = Info.plist; sourceTree = "<group>"; };
		A00946AE1B511E1700853DE5 /* UnfoldingTableCellTests.xctest */ = {isa = PBXFileReference; explicitFileType = wrapper.cfbundle; includeInIndex = 0; path = UnfoldingTableCellTests.xctest; sourceTree = BUILT_PRODUCTS_DIR; };
		A00946B21B511E1700853DE5 /* UnfoldingTableCellTests.swift */ = {isa = PBXFileReference; lastKnownFileType = sourcecode.swift; path = UnfoldingTableCellTests.swift; sourceTree = "<group>"; };
		A00946B41B511E1700853DE5 /* Info.plist */ = {isa = PBXFileReference; lastKnownFileType = text.plist.xml; path = Info.plist; sourceTree = "<group>"; };
		A00946B91B511E1700853DE5 /* UnfoldingTableCellUITests.xctest */ = {isa = PBXFileReference; explicitFileType = wrapper.cfbundle; includeInIndex = 0; path = UnfoldingTableCellUITests.xctest; sourceTree = BUILT_PRODUCTS_DIR; };
		A00946BD1B511E1700853DE5 /* UnfoldingTableCellUITests.swift */ = {isa = PBXFileReference; lastKnownFileType = sourcecode.swift; path = UnfoldingTableCellUITests.swift; sourceTree = "<group>"; };
		A00946BF1B511E1700853DE5 /* Info.plist */ = {isa = PBXFileReference; lastKnownFileType = text.plist.xml; path = Info.plist; sourceTree = "<group>"; };
		A00946CE1B511EB300853DE5 /* UnfoldingTableViewCell.swift */ = {isa = PBXFileReference; fileEncoding = 4; lastKnownFileType = sourcecode.swift; path = UnfoldingTableViewCell.swift; sourceTree = "<group>"; };
		A00946CF1B511EB300853DE5 /* UnfoldingTableViewCell.xib */ = {isa = PBXFileReference; fileEncoding = 4; lastKnownFileType = file.xib; path = UnfoldingTableViewCell.xib; sourceTree = "<group>"; };
/* End PBXFileReference section */

/* Begin PBXFrameworksBuildPhase section */
		A00946971B511E1700853DE5 /* Frameworks */ = {
			isa = PBXFrameworksBuildPhase;
			buildActionMask = 2147483647;
			files = (
			);
			runOnlyForDeploymentPostprocessing = 0;
		};
		A00946AB1B511E1700853DE5 /* Frameworks */ = {
			isa = PBXFrameworksBuildPhase;
			buildActionMask = 2147483647;
			files = (
			);
			runOnlyForDeploymentPostprocessing = 0;
		};
		A00946B61B511E1700853DE5 /* Frameworks */ = {
			isa = PBXFrameworksBuildPhase;
			buildActionMask = 2147483647;
			files = (
			);
			runOnlyForDeploymentPostprocessing = 0;
		};
/* End PBXFrameworksBuildPhase section */

/* Begin PBXGroup section */
		A00946911B511E1700853DE5 = {
			isa = PBXGroup;
			children = (
				A009469C1B511E1700853DE5 /* UnfoldingTableCell */,
				A00946B11B511E1700853DE5 /* UnfoldingTableCellTests */,
				A00946BC1B511E1700853DE5 /* UnfoldingTableCellUITests */,
				A009469B1B511E1700853DE5 /* Products */,
			);
			sourceTree = "<group>";
		};
		A009469B1B511E1700853DE5 /* Products */ = {
			isa = PBXGroup;
			children = (
				A009469A1B511E1700853DE5 /* UnfoldingTableCell.app */,
				A00946AE1B511E1700853DE5 /* UnfoldingTableCellTests.xctest */,
				A00946B91B511E1700853DE5 /* UnfoldingTableCellUITests.xctest */,
			);
			name = Products;
			sourceTree = "<group>";
		};
		A009469C1B511E1700853DE5 /* UnfoldingTableCell */ = {
			isa = PBXGroup;
			children = (
				A00946CB1B511E7100853DE5 /* Cell */,
				A009469D1B511E1700853DE5 /* AppDelegate.swift */,
				A009469F1B511E1700853DE5 /* ViewController.swift */,
				A00946A11B511E1700853DE5 /* Main.storyboard */,
				A00946A41B511E1700853DE5 /* Assets.xcassets */,
				A00946A61B511E1700853DE5 /* LaunchScreen.storyboard */,
				A00946A91B511E1700853DE5 /* Info.plist */,
			);
			path = UnfoldingTableCell;
			sourceTree = "<group>";
		};
		A00946B11B511E1700853DE5 /* UnfoldingTableCellTests */ = {
			isa = PBXGroup;
			children = (
				A00946B21B511E1700853DE5 /* UnfoldingTableCellTests.swift */,
				A00946B41B511E1700853DE5 /* Info.plist */,
			);
			path = UnfoldingTableCellTests;
			sourceTree = "<group>";
		};
		A00946BC1B511E1700853DE5 /* UnfoldingTableCellUITests */ = {
			isa = PBXGroup;
			children = (
				A00946BD1B511E1700853DE5 /* UnfoldingTableCellUITests.swift */,
				A00946BF1B511E1700853DE5 /* Info.plist */,
			);
			path = UnfoldingTableCellUITests;
			sourceTree = "<group>";
		};
		A00946CB1B511E7100853DE5 /* Cell */ = {
			isa = PBXGroup;
			children = (
				A00946CE1B511EB300853DE5 /* UnfoldingTableViewCell.swift */,
				A00946CF1B511EB300853DE5 /* UnfoldingTableViewCell.xib */,
			);
			name = Cell;
			sourceTree = "<group>";
		};
/* End PBXGroup section */

/* Begin PBXNativeTarget section */
		A00946991B511E1700853DE5 /* UnfoldingTableCell */ = {
			isa = PBXNativeTarget;
			buildConfigurationList = A00946C21B511E1700853DE5 /* Build configuration list for PBXNativeTarget "UnfoldingTableCell" */;
			buildPhases = (
				A00946961B511E1700853DE5 /* Sources */,
				A00946971B511E1700853DE5 /* Frameworks */,
				A00946981B511E1700853DE5 /* Resources */,
			);
			buildRules = (
			);
			dependencies = (
			);
			name = UnfoldingTableCell;
			productName = UnfoldingTableCell;
			productReference = A009469A1B511E1700853DE5 /* UnfoldingTableCell.app */;
			productType = "com.apple.product-type.application";
		};
		A00946AD1B511E1700853DE5 /* UnfoldingTableCellTests */ = {
			isa = PBXNativeTarget;
			buildConfigurationList = A00946C51B511E1700853DE5 /* Build configuration list for PBXNativeTarget "UnfoldingTableCellTests" */;
			buildPhases = (
				A00946AA1B511E1700853DE5 /* Sources */,
				A00946AB1B511E1700853DE5 /* Frameworks */,
				A00946AC1B511E1700853DE5 /* Resources */,
			);
			buildRules = (
			);
			dependencies = (
				A00946B01B511E1700853DE5 /* PBXTargetDependency */,
			);
			name = UnfoldingTableCellTests;
			productName = UnfoldingTableCellTests;
			productReference = A00946AE1B511E1700853DE5 /* UnfoldingTableCellTests.xctest */;
			productType = "com.apple.product-type.bundle.unit-test";
		};
		A00946B81B511E1700853DE5 /* UnfoldingTableCellUITests */ = {
			isa = PBXNativeTarget;
			buildConfigurationList = A00946C81B511E1700853DE5 /* Build configuration list for PBXNativeTarget "UnfoldingTableCellUITests" */;
			buildPhases = (
				A00946B51B511E1700853DE5 /* Sources */,
				A00946B61B511E1700853DE5 /* Frameworks */,
				A00946B71B511E1700853DE5 /* Resources */,
			);
			buildRules = (
			);
			dependencies = (
				A00946BB1B511E1700853DE5 /* PBXTargetDependency */,
			);
			name = UnfoldingTableCellUITests;
			productName = UnfoldingTableCellUITests;
			productReference = A00946B91B511E1700853DE5 /* UnfoldingTableCellUITests.xctest */;
			productType = "com.apple.product-type.bundle.ui-testing";
		};
/* End PBXNativeTarget section */

/* Begin PBXProject section */
		A00946921B511E1700853DE5 /* Project object */ = {
			isa = PBXProject;
			attributes = {
				LastUpgradeCheck = 0700;
				ORGANIZATIONNAME = "Lucas Louca";
				TargetAttributes = {
					A00946991B511E1700853DE5 = {
						CreatedOnToolsVersion = 7.0;
					};
					A00946AD1B511E1700853DE5 = {
						CreatedOnToolsVersion = 7.0;
						TestTargetID = A00946991B511E1700853DE5;
					};
					A00946B81B511E1700853DE5 = {
						CreatedOnToolsVersion = 7.0;
						TestTargetID = A00946991B511E1700853DE5;
					};
				};
			};
			buildConfigurationList = A00946951B511E1700853DE5 /* Build configuration list for PBXProject "UnfoldingTableCell" */;
			compatibilityVersion = "Xcode 3.2";
			developmentRegion = English;
			hasScannedForEncodings = 0;
			knownRegions = (
				en,
				Base,
			);
			mainGroup = A00946911B511E1700853DE5;
			productRefGroup = A009469B1B511E1700853DE5 /* Products */;
			projectDirPath = "";
			projectRoot = "";
			targets = (
				A00946991B511E1700853DE5 /* UnfoldingTableCell */,
				A00946AD1B511E1700853DE5 /* UnfoldingTableCellTests */,
				A00946B81B511E1700853DE5 /* UnfoldingTableCellUITests */,
			);
		};
/* End PBXProject section */

/* Begin PBXResourcesBuildPhase section */
		A00946981B511E1700853DE5 /* Resources */ = {
			isa = PBXResourcesBuildPhase;
			buildActionMask = 2147483647;
			files = (
				A00946D11B511EB300853DE5 /* UnfoldingTableViewCell.xib in Resources */,
				A00946A81B511E1700853DE5 /* LaunchScreen.storyboard in Resources */,
				A00946A51B511E1700853DE5 /* Assets.xcassets in Resources */,
				A00946A31B511E1700853DE5 /* Main.storyboard in Resources */,
			);
			runOnlyForDeploymentPostprocessing = 0;
		};
		A00946AC1B511E1700853DE5 /* Resources */ = {
			isa = PBXResourcesBuildPhase;
			buildActionMask = 2147483647;
			files = (
			);
			runOnlyForDeploymentPostprocessing = 0;
		};
		A00946B71B511E1700853DE5 /* Resources */ = {
			isa = PBXResourcesBuildPhase;
			buildActionMask = 2147483647;
			files = (
			);
			runOnlyForDeploymentPostprocessing = 0;
		};
/* End PBXResourcesBuildPhase section */

/* Begin PBXSourcesBuildPhase section */
		A00946961B511E1700853DE5 /* Sources */ = {
			isa = PBXSourcesBuildPhase;
			buildActionMask = 2147483647;
			files = (
				A00946D01B511EB300853DE5 /* UnfoldingTableViewCell.swift in Sources */,
				A00946A01B511E1700853DE5 /* ViewController.swift in Sources */,
				A009469E1B511E1700853DE5 /* AppDelegate.swift in Sources */,
			);
			runOnlyForDeploymentPostprocessing = 0;
		};
		A00946AA1B511E1700853DE5 /* Sources */ = {
			isa = PBXSourcesBuildPhase;
			buildActionMask = 2147483647;
			files = (
				A00946B31B511E1700853DE5 /* UnfoldingTableCellTests.swift in Sources */,
			);
			runOnlyForDeploymentPostprocessing = 0;
		};
		A00946B51B511E1700853DE5 /* Sources */ = {
			isa = PBXSourcesBuildPhase;
			buildActionMask = 2147483647;
			files = (
				A00946BE1B511E1700853DE5 /* UnfoldingTableCellUITests.swift in Sources */,
			);
			runOnlyForDeploymentPostprocessing = 0;
		};
/* End PBXSourcesBuildPhase section */

/* Begin PBXTargetDependency section */
		A00946B01B511E1700853DE5 /* PBXTargetDependency */ = {
			isa = PBXTargetDependency;
			target = A00946991B511E1700853DE5 /* UnfoldingTableCell */;
			targetProxy = A00946AF1B511E1700853DE5 /* PBXContainerItemProxy */;
		};
		A00946BB1B511E1700853DE5 /* PBXTargetDependency */ = {
			isa = PBXTargetDependency;
			target = A00946991B511E1700853DE5 /* UnfoldingTableCell */;
			targetProxy = A00946BA1B511E1700853DE5 /* PBXContainerItemProxy */;
		};
/* End PBXTargetDependency section */

/* Begin PBXVariantGroup section */
		A00946A11B511E1700853DE5 /* Main.storyboard */ = {
			isa = PBXVariantGroup;
			children = (
				A00946A21B511E1700853DE5 /* Base */,
			);
			name = Main.storyboard;
			sourceTree = "<group>";
		};
		A00946A61B511E1700853DE5 /* LaunchScreen.storyboard */ = {
			isa = PBXVariantGroup;
			children = (
				A00946A71B511E1700853DE5 /* Base */,
			);
			name = LaunchScreen.storyboard;
			sourceTree = "<group>";
		};
/* End PBXVariantGroup section */

/* Begin XCBuildConfiguration section */
		A00946C01B511E1700853DE5 /* Debug */ = {
			isa = XCBuildConfiguration;
			buildSettings = {
				ALWAYS_SEARCH_USER_PATHS = NO;
				CLANG_CXX_LANGUAGE_STANDARD = "gnu++0x";
				CLANG_CXX_LIBRARY = "libc++";
				CLANG_ENABLE_MODULES = YES;
				CLANG_ENABLE_OBJC_ARC = YES;
				CLANG_WARN_BOOL_CONVERSION = YES;
				CLANG_WARN_CONSTANT_CONVERSION = YES;
				CLANG_WARN_DIRECT_OBJC_ISA_USAGE = YES_ERROR;
				CLANG_WARN_EMPTY_BODY = YES;
				CLANG_WARN_ENUM_CONVERSION = YES;
				CLANG_WARN_INT_CONVERSION = YES;
				CLANG_WARN_OBJC_ROOT_CLASS = YES_ERROR;
				CLANG_WARN_UNREACHABLE_CODE = YES;
				CLANG_WARN__DUPLICATE_METHOD_MATCH = YES;
				"CODE_SIGN_IDENTITY[sdk=iphoneos*]" = "iPhone Developer";
				COPY_PHASE_STRIP = NO;
				DEBUG_INFORMATION_FORMAT = dwarf;
				ENABLE_STRICT_OBJC_MSGSEND = YES;
				ENABLE_TESTABILITY = YES;
				GCC_C_LANGUAGE_STANDARD = gnu99;
				GCC_DYNAMIC_NO_PIC = NO;
				GCC_NO_COMMON_BLOCKS = YES;
				GCC_OPTIMIZATION_LEVEL = 0;
				GCC_PREPROCESSOR_DEFINITIONS = (
					"DEBUG=1",
					"$(inherited)",
				);
				GCC_WARN_64_TO_32_BIT_CONVERSION = YES;
				GCC_WARN_ABOUT_RETURN_TYPE = YES_ERROR;
				GCC_WARN_UNDECLARED_SELECTOR = YES;
				GCC_WARN_UNINITIALIZED_AUTOS = YES_AGGRESSIVE;
				GCC_WARN_UNUSED_FUNCTION = YES;
				GCC_WARN_UNUSED_VARIABLE = YES;
				IPHONEOS_DEPLOYMENT_TARGET = 9.0;
				MTL_ENABLE_DEBUG_INFO = YES;
				ONLY_ACTIVE_ARCH = YES;
				SDKROOT = iphoneos;
				SWIFT_OPTIMIZATION_LEVEL = "-Onone";
			};
			name = Debug;
		};
		A00946C11B511E1700853DE5 /* Release */ = {
			isa = XCBuildConfiguration;
			buildSettings = {
				ALWAYS_SEARCH_USER_PATHS = NO;
				CLANG_CXX_LANGUAGE_STANDARD = "gnu++0x";
				CLANG_CXX_LIBRARY = "libc++";
				CLANG_ENABLE_MODULES = YES;
				CLANG_ENABLE_OBJC_ARC = YES;
				CLANG_WARN_BOOL_CONVERSION = YES;
				CLANG_WARN_CONSTANT_CONVERSION = YES;
				CLANG_WARN_DIRECT_OBJC_ISA_USAGE = YES_ERROR;
				CLANG_WARN_EMPTY_BODY = YES;
				CLANG_WARN_ENUM_CONVERSION = YES;
				CLANG_WARN_INT_CONVERSION = YES;
				CLANG_WARN_OBJC_ROOT_CLASS = YES_ERROR;
				CLANG_WARN_UNREACHABLE_CODE = YES;
				CLANG_WARN__DUPLICATE_METHOD_MATCH = YES;
				"CODE_SIGN_IDENTITY[sdk=iphoneos*]" = "iPhone Developer";
				COPY_PHASE_STRIP = NO;
				DEBUG_INFORMATION_FORMAT = "dwarf-with-dsym";
				ENABLE_NS_ASSERTIONS = NO;
				ENABLE_STRICT_OBJC_MSGSEND = YES;
				GCC_C_LANGUAGE_STANDARD = gnu99;
				GCC_NO_COMMON_BLOCKS = YES;
				GCC_WARN_64_TO_32_BIT_CONVERSION = YES;
				GCC_WARN_ABOUT_RETURN_TYPE = YES_ERROR;
				GCC_WARN_UNDECLARED_SELECTOR = YES;
				GCC_WARN_UNINITIALIZED_AUTOS = YES_AGGRESSIVE;
				GCC_WARN_UNUSED_FUNCTION = YES;
				GCC_WARN_UNUSED_VARIABLE = YES;
				IPHONEOS_DEPLOYMENT_TARGET = 9.0;
				MTL_ENABLE_DEBUG_INFO = NO;
				SDKROOT = iphoneos;
				VALIDATE_PRODUCT = YES;
			};
			name = Release;
		};
		A00946C31B511E1700853DE5 /* Debug */ = {
			isa = XCBuildConfiguration;
			buildSettings = {
				ASSETCATALOG_COMPILER_APPICON_NAME = AppIcon;
				INFOPLIST_FILE = UnfoldingTableCell/Info.plist;
				IPHONEOS_DEPLOYMENT_TARGET = 8.4;
				LD_RUNPATH_SEARCH_PATHS = "$(inherited) @executable_path/Frameworks";
				PRODUCT_BUNDLE_IDENTIFIER = com.lucaslouca.UnfoldingTableCell;
				PRODUCT_NAME = "$(TARGET_NAME)";
			};
			name = Debug;
		};
		A00946C41B511E1700853DE5 /* Release */ = {
			isa = XCBuildConfiguration;
			buildSettings = {
				ASSETCATALOG_COMPILER_APPICON_NAME = AppIcon;
				INFOPLIST_FILE = UnfoldingTableCell/Info.plist;
				IPHONEOS_DEPLOYMENT_TARGET = 8.4;
				LD_RUNPATH_SEARCH_PATHS = "$(inherited) @executable_path/Frameworks";
				PRODUCT_BUNDLE_IDENTIFIER = com.lucaslouca.UnfoldingTableCell;
				PRODUCT_NAME = "$(TARGET_NAME)";
			};
			name = Release;
		};
		A00946C61B511E1700853DE5 /* Debug */ = {
			isa = XCBuildConfiguration;
			buildSettings = {
				BUNDLE_LOADER = "$(TEST_HOST)";
				INFOPLIST_FILE = UnfoldingTableCellTests/Info.plist;
				LD_RUNPATH_SEARCH_PATHS = "$(inherited) @executable_path/Frameworks @loader_path/Frameworks";
				PRODUCT_BUNDLE_IDENTIFIER = com.lucaslouca.UnfoldingTableCellTests;
				PRODUCT_NAME = "$(TARGET_NAME)";
				TEST_HOST = "$(BUILT_PRODUCTS_DIR)/UnfoldingTableCell.app/UnfoldingTableCell";
			};
			name = Debug;
		};
		A00946C71B511E1700853DE5 /* Release */ = {
			isa = XCBuildConfiguration;
			buildSettings = {
				BUNDLE_LOADER = "$(TEST_HOST)";
				INFOPLIST_FILE = UnfoldingTableCellTests/Info.plist;
				LD_RUNPATH_SEARCH_PATHS = "$(inherited) @executable_path/Frameworks @loader_path/Frameworks";
				PRODUCT_BUNDLE_IDENTIFIER = com.lucaslouca.UnfoldingTableCellTests;
				PRODUCT_NAME = "$(TARGET_NAME)";
				TEST_HOST = "$(BUILT_PRODUCTS_DIR)/UnfoldingTableCell.app/UnfoldingTableCell";
			};
			name = Release;
		};
		A00946C91B511E1700853DE5 /* Debug */ = {
			isa = XCBuildConfiguration;
			buildSettings = {
				INFOPLIST_FILE = UnfoldingTableCellUITests/Info.plist;
				LD_RUNPATH_SEARCH_PATHS = "$(inherited) @executable_path/Frameworks @loader_path/Frameworks";
				PRODUCT_BUNDLE_IDENTIFIER = com.lucaslouca.UnfoldingTableCellUITests;
				PRODUCT_NAME = "$(TARGET_NAME)";
				TEST_TARGET_NAME = UnfoldingTableCell;
				USES_XCTRUNNER = YES;
			};
			name = Debug;
		};
		A00946CA1B511E1700853DE5 /* Release */ = {
			isa = XCBuildConfiguration;
			buildSettings = {
				INFOPLIST_FILE = UnfoldingTableCellUITests/Info.plist;
				LD_RUNPATH_SEARCH_PATHS = "$(inherited) @executable_path/Frameworks @loader_path/Frameworks";
				PRODUCT_BUNDLE_IDENTIFIER = com.lucaslouca.UnfoldingTableCellUITests;
				PRODUCT_NAME = "$(TARGET_NAME)";
				TEST_TARGET_NAME = UnfoldingTableCell;
				USES_XCTRUNNER = YES;
			};
			name = Release;
		};
/* End XCBuildConfiguration section */

/* Begin XCConfigurationList section */
		A00946951B511E1700853DE5 /* Build configuration list for PBXProject "UnfoldingTableCell" */ = {
			isa = XCConfigurationList;
			buildConfigurations = (
				A00946C01B511E1700853DE5 /* Debug */,
				A00946C11B511E1700853DE5 /* Release */,
			);
			defaultConfigurationIsVisible = 0;
			defaultConfigurationName = Release;
		};
		A00946C21B511E1700853DE5 /* Build configuration list for PBXNativeTarget "UnfoldingTableCell" */ = {
			isa = XCConfigurationList;
			buildConfigurations = (
				A00946C31B511E1700853DE5 /* Debug */,
				A00946C41B511E1700853DE5 /* Release */,
			);
			defaultConfigurationIsVisible = 0;
			defaultConfigurationName = Release;
		};
		A00946C51B511E1700853DE5 /* Build configuration list for PBXNativeTarget "UnfoldingTableCellTests" */ = {
			isa = XCConfigurationList;
			buildConfigurations = (
				A00946C61B511E1700853DE5 /* Debug */,
				A00946C71B511E1700853DE5 /* Release */,
			);
			defaultConfigurationIsVisible = 0;
			defaultConfigurationName = Release;
		};
		A00946C81B511E1700853DE5 /* Build configuration list for PBXNativeTarget "UnfoldingTableCellUITests" */ = {
			isa = XCConfigurationList;
			buildConfigurations = (
				A00946C91B511E1700853DE5 /* Debug */,
				A00946CA1B511E1700853DE5 /* Release */,
			);
			defaultConfigurationIsVisible = 0;
			defaultConfigurationName = Release;
		};
/* End XCConfigurationList section */
	};
	rootObject = A00946921B511E1700853DE5 /* Project object */;
}
